
Microsoft Visual Studio Solution File, Format Version 12.00
# Visual Studio Version 16
VisualStudioVersion = 16.0.31515.178
MinimumVisualStudioVersion = 10.0.40219.1
Project("{9A19103F-16F7-4668-BE54-9A1E7A4F7556}") = "HealthCareApp", "HealthCareApp\HealthCareApp.csproj", "{48A20B81-B4D5-44D4-B8E8-371664FA93F0}"
EndProject
Project("{FAE04EC0-301F-11D3-BF4B-00C04F79EFBC}") = "Core", "Core\Core.csproj", "{EE9FFB19-3E05-42B2-A2C9-20A05D01B42A}"
EndProject
Project("{FAE04EC0-301F-11D3-BF4B-00C04F79EFBC}") = "Service", "Services\Service.csproj", "{12F41645-3E6C-421B-9A53-0E046799A87B}"
EndProject
Project("{FAE04EC0-301F-11D3-BF4B-00C04F79EFBC}") = "Repository", "Repository\Repository.csproj", "{6EDE4B13-CA48-47CD-AC7B-918AC13CE005}"
EndProject
Global
	GlobalSection(SolutionConfigurationPlatforms) = preSolution
		Debug|Any CPU = Debug|Any CPU
		Release|Any CPU = Release|Any CPU
	EndGlobalSection
	GlobalSection(ProjectConfigurationPlatforms) = postSolution
		{48A20B81-B4D5-44D4-B8E8-371664FA93F0}.Debug|Any CPU.ActiveCfg = Debug|Any CPU
		{48A20B81-B4D5-44D4-B8E8-371664FA93F0}.Debug|Any CPU.Build.0 = Debug|Any CPU
		{48A20B81-B4D5-44D4-B8E8-371664FA93F0}.Release|Any CPU.ActiveCfg = Release|Any CPU
		{48A20B81-B4D5-44D4-B8E8-371664FA93F0}.Release|Any CPU.Build.0 = Release|Any CPU
		{EE9FFB19-3E05-42B2-A2C9-20A05D01B42A}.Debug|Any CPU.ActiveCfg = Debug|Any CPU
		{EE9FFB19-3E05-42B2-A2C9-20A05D01B42A}.Debug|Any CPU.Build.0 = Debug|Any CPU
		{EE9FFB19-3E05-42B2-A2C9-20A05D01B42A}.Release|Any CPU.ActiveCfg = Release|Any CPU
		{EE9FFB19-3E05-42B2-A2C9-20A05D01B42A}.Release|Any CPU.Build.0 = Release|Any CPU
		{12F41645-3E6C-421B-9A53-0E046799A87B}.Debug|Any CPU.ActiveCfg = Debug|Any CPU
		{12F41645-3E6C-421B-9A53-0E046799A87B}.Debug|Any CPU.Build.0 = Debug|Any CPU
		{12F41645-3E6C-421B-9A53-0E046799A87B}.Release|Any CPU.ActiveCfg = Release|Any CPU
		{12F41645-3E6C-421B-9A53-0E046799A87B}.Release|Any CPU.Build.0 = Release|Any CPU
		{6EDE4B13-CA48-47CD-AC7B-918AC13CE005}.Debug|Any CPU.ActiveCfg = Debug|Any CPU
		{6EDE4B13-CA48-47CD-AC7B-918AC13CE005}.Debug|Any CPU.Build.0 = Debug|Any CPU
		{6EDE4B13-CA48-47CD-AC7B-918AC13CE005}.Release|Any CPU.ActiveCfg = Release|Any CPU
		{6EDE4B13-CA48-47CD-AC7B-918AC13CE005}.Release|Any CPU.Build.0 = Release|Any CPU
	EndGlobalSection
	GlobalSection(SolutionProperties) = preSolution
		HideSolutionNode = FALSE
	EndGlobalSection
	GlobalSection(ExtensibilityGlobals) = postSolution
		SolutionGuid = {06DD815E-05C8-4221-AF52-DBDE2D2AD469}
	EndGlobalSection
EndGlobal
